// !$*UTF8*$!
{
	archiveVersion = 1;
	classes = {
	};
	objectVersion = 46;
	objects = {

/* Begin PBXBuildFile section */
		39F2B9BD1CA01F8100BE8A94 /* AppDelegate.swift in Sources */ = {isa = PBXBuildFile; fileRef = 39F2B9BC1CA01F8100BE8A94 /* AppDelegate.swift */; };
		39F2B9BF1CA01F8100BE8A94 /* ViewController.swift in Sources */ = {isa = PBXBuildFile; fileRef = 39F2B9BE1CA01F8100BE8A94 /* ViewController.swift */; };
		39F2B9C21CA01F8100BE8A94 /* Main.storyboard in Resources */ = {isa = PBXBuildFile; fileRef = 39F2B9C01CA01F8100BE8A94 /* Main.storyboard */; };
		39F2B9C51CA01F8100BE8A94 /* FizzBuzz.xcdatamodeld in Sources */ = {isa = PBXBuildFile; fileRef = 39F2B9C31CA01F8100BE8A94 /* FizzBuzz.xcdatamodeld */; };
		39F2B9C71CA01F8100BE8A94 /* Assets.xcassets in Resources */ = {isa = PBXBuildFile; fileRef = 39F2B9C61CA01F8100BE8A94 /* Assets.xcassets */; };
		39F2B9CA1CA01F8100BE8A94 /* LaunchScreen.storyboard in Resources */ = {isa = PBXBuildFile; fileRef = 39F2B9C81CA01F8100BE8A94 /* LaunchScreen.storyboard */; };
		39F2B9D51CA01F8100BE8A94 /* FizzBuzzTests.swift in Sources */ = {isa = PBXBuildFile; fileRef = 39F2B9D41CA01F8100BE8A94 /* FizzBuzzTests.swift */; };
		39F2B9E01CA01F8200BE8A94 /* FizzBuzzUITests.swift in Sources */ = {isa = PBXBuildFile; fileRef = 39F2B9DF1CA01F8200BE8A94 /* FizzBuzzUITests.swift */; };
/* End PBXBuildFile section */

/* Begin PBXContainerItemProxy section */
		39F2B9D11CA01F8100BE8A94 /* PBXContainerItemProxy */ = {
			isa = PBXContainerItemProxy;
			containerPortal = 39F2B9B11CA01F8100BE8A94 /* Project object */;
			proxyType = 1;
			remoteGlobalIDString = 39F2B9B81CA01F8100BE8A94;
			remoteInfo = FizzBuzz;
		};
		39F2B9DC1CA01F8200BE8A94 /* PBXContainerItemProxy */ = {
			isa = PBXContainerItemProxy;
			containerPortal = 39F2B9B11CA01F8100BE8A94 /* Project object */;
			proxyType = 1;
			remoteGlobalIDString = 39F2B9B81CA01F8100BE8A94;
			remoteInfo = FizzBuzz;
		};
/* End PBXContainerItemProxy section */

/* Begin PBXFileReference section */
		39F2B9B91CA01F8100BE8A94 /* FizzBuzz.app */ = {isa = PBXFileReference; explicitFileType = wrapper.application; includeInIndex = 0; path = FizzBuzz.app; sourceTree = BUILT_PRODUCTS_DIR; };
		39F2B9BC1CA01F8100BE8A94 /* AppDelegate.swift */ = {isa = PBXFileReference; lastKnownFileType = sourcecode.swift; path = AppDelegate.swift; sourceTree = "<group>"; };
		39F2B9BE1CA01F8100BE8A94 /* ViewController.swift */ = {isa = PBXFileReference; lastKnownFileType = sourcecode.swift; path = ViewController.swift; sourceTree = "<group>"; };
		39F2B9C11CA01F8100BE8A94 /* Base */ = {isa = PBXFileReference; lastKnownFileType = file.storyboard; name = Base; path = Base.lproj/Main.storyboard; sourceTree = "<group>"; };
		39F2B9C41CA01F8100BE8A94 /* FizzBuzz.xcdatamodel */ = {isa = PBXFileReference; lastKnownFileType = wrapper.xcdatamodel; path = FizzBuzz.xcdatamodel; sourceTree = "<group>"; };
		39F2B9C61CA01F8100BE8A94 /* Assets.xcassets */ = {isa = PBXFileReference; lastKnownFileType = folder.assetcatalog; path = Assets.xcassets; sourceTree = "<group>"; };
		39F2B9C91CA01F8100BE8A94 /* Base */ = {isa = PBXFileReference; lastKnownFileType = file.storyboard; name = Base; path = Base.lproj/LaunchScreen.storyboard; sourceTree = "<group>"; };
		39F2B9CB1CA01F8100BE8A94 /* Info.plist */ = {isa = PBXFileReference; lastKnownFileType = text.plist.xml; path = Info.plist; sourceTree = "<group>"; };
		39F2B9D01CA01F8100BE8A94 /* FizzBuzzTests.xctest */ = {isa = PBXFileReference; explicitFileType = wrapper.cfbundle; includeInIndex = 0; path = FizzBuzzTests.xctest; sourceTree = BUILT_PRODUCTS_DIR; };
		39F2B9D41CA01F8100BE8A94 /* FizzBuzzTests.swift */ = {isa = PBXFileReference; lastKnownFileType = sourcecode.swift; path = FizzBuzzTests.swift; sourceTree = "<group>"; };
		39F2B9D61CA01F8100BE8A94 /* Info.plist */ = {isa = PBXFileReference; lastKnownFileType = text.plist.xml; path = Info.plist; sourceTree = "<group>"; };
		39F2B9DB1CA01F8200BE8A94 /* FizzBuzzUITests.xctest */ = {isa = PBXFileReference; explicitFileType = wrapper.cfbundle; includeInIndex = 0; path = FizzBuzzUITests.xctest; sourceTree = BUILT_PRODUCTS_DIR; };
		39F2B9DF1CA01F8200BE8A94 /* FizzBuzzUITests.swift */ = {isa = PBXFileReference; lastKnownFileType = sourcecode.swift; path = FizzBuzzUITests.swift; sourceTree = "<group>"; };
		39F2B9E11CA01F8200BE8A94 /* Info.plist */ = {isa = PBXFileReference; lastKnownFileType = text.plist.xml; path = Info.plist; sourceTree = "<group>"; };
/* End PBXFileReference section */

/* Begin PBXFrameworksBuildPhase section */
		39F2B9B61CA01F8100BE8A94 /* Frameworks */ = {
			isa = PBXFrameworksBuildPhase;
			buildActionMask = 2147483647;
			files = (
			);
			runOnlyForDeploymentPostprocessing = 0;
		};
		39F2B9CD1CA01F8100BE8A94 /* Frameworks */ = {
			isa = PBXFrameworksBuildPhase;
			buildActionMask = 2147483647;
			files = (
			);
			runOnlyForDeploymentPostprocessing = 0;
		};
		39F2B9D81CA01F8200BE8A94 /* Frameworks */ = {
			isa = PBXFrameworksBuildPhase;
			buildActionMask = 2147483647;
			files = (
			);
			runOnlyForDeploymentPostprocessing = 0;
		};
/* End PBXFrameworksBuildPhase section */

/* Begin PBXGroup section */
		39F2B9B01CA01F8100BE8A94 = {
			isa = PBXGroup;
			children = (
				39F2B9BB1CA01F8100BE8A94 /* FizzBuzz */,
				39F2B9D31CA01F8100BE8A94 /* FizzBuzzTests */,
				39F2B9DE1CA01F8200BE8A94 /* FizzBuzzUITests */,
				39F2B9BA1CA01F8100BE8A94 /* Products */,
			);
			sourceTree = "<group>";
		};
		39F2B9BA1CA01F8100BE8A94 /* Products */ = {
			isa = PBXGroup;
			children = (
				39F2B9B91CA01F8100BE8A94 /* FizzBuzz.app */,
				39F2B9D01CA01F8100BE8A94 /* FizzBuzzTests.xctest */,
				39F2B9DB1CA01F8200BE8A94 /* FizzBuzzUITests.xctest */,
			);
			name = Products;
			sourceTree = "<group>";
		};
		39F2B9BB1CA01F8100BE8A94 /* FizzBuzz */ = {
			isa = PBXGroup;
			children = (
				39F2B9BC1CA01F8100BE8A94 /* AppDelegate.swift */,
				39F2B9BE1CA01F8100BE8A94 /* ViewController.swift */,
				39F2B9C01CA01F8100BE8A94 /* Main.storyboard */,
				39F2B9C61CA01F8100BE8A94 /* Assets.xcassets */,
				39F2B9C81CA01F8100BE8A94 /* LaunchScreen.storyboard */,
				39F2B9CB1CA01F8100BE8A94 /* Info.plist */,
				39F2B9C31CA01F8100BE8A94 /* FizzBuzz.xcdatamodeld */,
			);
			path = FizzBuzz;
			sourceTree = "<group>";
		};
		39F2B9D31CA01F8100BE8A94 /* FizzBuzzTests */ = {
			isa = PBXGroup;
			children = (
				39F2B9D41CA01F8100BE8A94 /* FizzBuzzTests.swift */,
				39F2B9D61CA01F8100BE8A94 /* Info.plist */,
			);
			path = FizzBuzzTests;
			sourceTree = "<group>";
		};
		39F2B9DE1CA01F8200BE8A94 /* FizzBuzzUITests */ = {
			isa = PBXGroup;
			children = (
				39F2B9DF1CA01F8200BE8A94 /* FizzBuzzUITests.swift */,
				39F2B9E11CA01F8200BE8A94 /* Info.plist */,
			);
			path = FizzBuzzUITests;
			sourceTree = "<group>";
		};
/* End PBXGroup section */

/* Begin PBXNativeTarget section */
		39F2B9B81CA01F8100BE8A94 /* FizzBuzz */ = {
			isa = PBXNativeTarget;
			buildConfigurationList = 39F2B9E41CA01F8200BE8A94 /* Build configuration list for PBXNativeTarget "FizzBuzz" */;
			buildPhases = (
				39F2B9B51CA01F8100BE8A94 /* Sources */,
				39F2B9B61CA01F8100BE8A94 /* Frameworks */,
				39F2B9B71CA01F8100BE8A94 /* Resources */,
			);
			buildRules = (
			);
			dependencies = (
			);
			name = FizzBuzz;
			productName = FizzBuzz;
			productReference = 39F2B9B91CA01F8100BE8A94 /* FizzBuzz.app */;
			productType = "com.apple.product-type.application";
		};
		39F2B9CF1CA01F8100BE8A94 /* FizzBuzzTests */ = {
			isa = PBXNativeTarget;
			buildConfigurationList = 39F2B9E71CA01F8200BE8A94 /* Build configuration list for PBXNativeTarget "FizzBuzzTests" */;
			buildPhases = (
				39F2B9CC1CA01F8100BE8A94 /* Sources */,
				39F2B9CD1CA01F8100BE8A94 /* Frameworks */,
				39F2B9CE1CA01F8100BE8A94 /* Resources */,
			);
			buildRules = (
			);
			dependencies = (
				39F2B9D21CA01F8100BE8A94 /* PBXTargetDependency */,
			);
			name = FizzBuzzTests;
			productName = FizzBuzzTests;
			productReference = 39F2B9D01CA01F8100BE8A94 /* FizzBuzzTests.xctest */;
			productType = "com.apple.product-type.bundle.unit-test";
		};
		39F2B9DA1CA01F8200BE8A94 /* FizzBuzzUITests */ = {
			isa = PBXNativeTarget;
			buildConfigurationList = 39F2B9EA1CA01F8200BE8A94 /* Build configuration list for PBXNativeTarget "FizzBuzzUITests" */;
			buildPhases = (
				39F2B9D71CA01F8200BE8A94 /* Sources */,
				39F2B9D81CA01F8200BE8A94 /* Frameworks */,
				39F2B9D91CA01F8200BE8A94 /* Resources */,
			);
			buildRules = (
			);
			dependencies = (
				39F2B9DD1CA01F8200BE8A94 /* PBXTargetDependency */,
			);
			name = FizzBuzzUITests;
			productName = FizzBuzzUITests;
			productReference = 39F2B9DB1CA01F8200BE8A94 /* FizzBuzzUITests.xctest */;
			productType = "com.apple.product-type.bundle.ui-testing";
		};
/* End PBXNativeTarget section */

/* Begin PBXProject section */
		39F2B9B11CA01F8100BE8A94 /* Project object */ = {
			isa = PBXProject;
			attributes = {
				LastSwiftUpdateCheck = 0720;
				LastUpgradeCheck = 0720;
				ORGANIZATIONNAME = Arkhitech;
				TargetAttributes = {
					39F2B9B81CA01F8100BE8A94 = {
						CreatedOnToolsVersion = 7.2;
					};
					39F2B9CF1CA01F8100BE8A94 = {
						CreatedOnToolsVersion = 7.2;
						TestTargetID = 39F2B9B81CA01F8100BE8A94;
					};
					39F2B9DA1CA01F8200BE8A94 = {
						CreatedOnToolsVersion = 7.2;
						TestTargetID = 39F2B9B81CA01F8100BE8A94;
					};
				};
			};
			buildConfigurationList = 39F2B9B41CA01F8100BE8A94 /* Build configuration list for PBXProject "FizzBuzz" */;
			compatibilityVersion = "Xcode 3.2";
			developmentRegion = English;
			hasScannedForEncodings = 0;
			knownRegions = (
				en,
				Base,
			);
			mainGroup = 39F2B9B01CA01F8100BE8A94;
			productRefGroup = 39F2B9BA1CA01F8100BE8A94 /* Products */;
			projectDirPath = "";
			projectRoot = "";
			targets = (
				39F2B9B81CA01F8100BE8A94 /* FizzBuzz */,
				39F2B9CF1CA01F8100BE8A94 /* FizzBuzzTests */,
				39F2B9DA1CA01F8200BE8A94 /* FizzBuzzUITests */,
			);
		};
/* End PBXProject section */

/* Begin PBXResourcesBuildPhase section */
		39F2B9B71CA01F8100BE8A94 /* Resources */ = {
			isa = PBXResourcesBuildPhase;
			buildActionMask = 2147483647;
			files = (
				39F2B9CA1CA01F8100BE8A94 /* LaunchScreen.storyboard in Resources */,
				39F2B9C71CA01F8100BE8A94 /* Assets.xcassets in Resources */,
				39F2B9C21CA01F8100BE8A94 /* Main.storyboard in Resources */,
			);
			runOnlyForDeploymentPostprocessing = 0;
		};
		39F2B9CE1CA01F8100BE8A94 /* Resources */ = {
			isa = PBXResourcesBuildPhase;
			buildActionMask = 2147483647;
			files = (
			);
			runOnlyForDeploymentPostprocessing = 0;
		};
		39F2B9D91CA01F8200BE8A94 /* Resources */ = {
			isa = PBXResourcesBuildPhase;
			buildActionMask = 2147483647;
			files = (
			);
			runOnlyForDeploymentPostprocessing = 0;
		};
/* End PBXResourcesBuildPhase section */

/* Begin PBXSourcesBuildPhase section */
		39F2B9B51CA01F8100BE8A94 /* Sources */ = {
			isa = PBXSourcesBuildPhase;
			buildActionMask = 2147483647;
			files = (
				39F2B9C51CA01F8100BE8A94 /* FizzBuzz.xcdatamodeld in Sources */,
				39F2B9BF1CA01F8100BE8A94 /* ViewController.swift in Sources */,
				39F2B9BD1CA01F8100BE8A94 /* AppDelegate.swift in Sources */,
			);
			runOnlyForDeploymentPostprocessing = 0;
		};
		39F2B9CC1CA01F8100BE8A94 /* Sources */ = {
			isa = PBXSourcesBuildPhase;
			buildActionMask = 2147483647;
			files = (
				39F2B9D51CA01F8100BE8A94 /* FizzBuzzTests.swift in Sources */,
			);
			runOnlyForDeploymentPostprocessing = 0;
		};
		39F2B9D71CA01F8200BE8A94 /* Sources */ = {
			isa = PBXSourcesBuildPhase;
			buildActionMask = 2147483647;
			files = (
				39F2B9E01CA01F8200BE8A94 /* FizzBuzzUITests.swift in Sources */,
			);
			runOnlyForDeploymentPostprocessing = 0;
		};
/* End PBXSourcesBuildPhase section */

/* Begin PBXTargetDependency section */
		39F2B9D21CA01F8100BE8A94 /* PBXTargetDependency */ = {
			isa = PBXTargetDependency;
			target = 39F2B9B81CA01F8100BE8A94 /* FizzBuzz */;
			targetProxy = 39F2B9D11CA01F8100BE8A94 /* PBXContainerItemProxy */;
		};
		39F2B9DD1CA01F8200BE8A94 /* PBXTargetDependency */ = {
			isa = PBXTargetDependency;
			target = 39F2B9B81CA01F8100BE8A94 /* FizzBuzz */;
			targetProxy = 39F2B9DC1CA01F8200BE8A94 /* PBXContainerItemProxy */;
		};
/* End PBXTargetDependency section */

/* Begin PBXVariantGroup section */
		39F2B9C01CA01F8100BE8A94 /* Main.storyboard */ = {
			isa = PBXVariantGroup;
			children = (
				39F2B9C11CA01F8100BE8A94 /* Base */,
			);
			name = Main.storyboard;
			sourceTree = "<group>";
		};
		39F2B9C81CA01F8100BE8A94 /* LaunchScreen.storyboard */ = {
			isa = PBXVariantGroup;
			children = (
				39F2B9C91CA01F8100BE8A94 /* Base */,
			);
			name = LaunchScreen.storyboard;
			sourceTree = "<group>";
		};
/* End PBXVariantGroup section */

/* Begin XCBuildConfiguration section */
		39F2B9E21CA01F8200BE8A94 /* Debug */ = {
			isa = XCBuildConfiguration;
			buildSettings = {
				ALWAYS_SEARCH_USER_PATHS = NO;
				CLANG_CXX_LANGUAGE_STANDARD = "gnu++0x";
				CLANG_CXX_LIBRARY = "libc++";
				CLANG_ENABLE_MODULES = YES;
				CLANG_ENABLE_OBJC_ARC = YES;
				CLANG_WARN_BOOL_CONVERSION = YES;
				CLANG_WARN_CONSTANT_CONVERSION = YES;
				CLANG_WARN_DIRECT_OBJC_ISA_USAGE = YES_ERROR;
				CLANG_WARN_EMPTY_BODY = YES;
				CLANG_WARN_ENUM_CONVERSION = YES;
				CLANG_WARN_INT_CONVERSION = YES;
				CLANG_WARN_OBJC_ROOT_CLASS = YES_ERROR;
				CLANG_WARN_UNREACHABLE_CODE = YES;
				CLANG_WARN__DUPLICATE_METHOD_MATCH = YES;
				"CODE_SIGN_IDENTITY[sdk=iphoneos*]" = "iPhone Developer";
				COPY_PHASE_STRIP = NO;
				DEBUG_INFORMATION_FORMAT = dwarf;
				ENABLE_STRICT_OBJC_MSGSEND = YES;
				ENABLE_TESTABILITY = YES;
				GCC_C_LANGUAGE_STANDARD = gnu99;
				GCC_DYNAMIC_NO_PIC = NO;
				GCC_NO_COMMON_BLOCKS = YES;
				GCC_OPTIMIZATION_LEVEL = 0;
				GCC_PREPROCESSOR_DEFINITIONS = (
					"DEBUG=1",
					"$(inherited)",
				);
				GCC_WARN_64_TO_32_BIT_CONVERSION = YES;
				GCC_WARN_ABOUT_RETURN_TYPE = YES_ERROR;
				GCC_WARN_UNDECLARED_SELECTOR = YES;
				GCC_WARN_UNINITIALIZED_AUTOS = YES_AGGRESSIVE;
				GCC_WARN_UNUSED_FUNCTION = YES;
				GCC_WARN_UNUSED_VARIABLE = YES;
				IPHONEOS_DEPLOYMENT_TARGET = 9.2;
				MTL_ENABLE_DEBUG_INFO = YES;
				ONLY_ACTIVE_ARCH = YES;
				SDKROOT = iphoneos;
				SWIFT_OPTIMIZATION_LEVEL = "-Onone";
				TARGETED_DEVICE_FAMILY = "1,2";
			};
			name = Debug;
		};
		39F2B9E31CA01F8200BE8A94 /* Release */ = {
			isa = XCBuildConfiguration;
			buildSettings = {
				ALWAYS_SEARCH_USER_PATHS = NO;
				CLANG_CXX_LANGUAGE_STANDARD = "gnu++0x";
				CLANG_CXX_LIBRARY = "libc++";
				CLANG_ENABLE_MODULES = YES;
				CLANG_ENABLE_OBJC_ARC = YES;
				CLANG_WARN_BOOL_CONVERSION = YES;
				CLANG_WARN_CONSTANT_CONVERSION = YES;
				CLANG_WARN_DIRECT_OBJC_ISA_USAGE = YES_ERROR;
				CLANG_WARN_EMPTY_BODY = YES;
				CLANG_WARN_ENUM_CONVERSION = YES;
				CLANG_WARN_INT_CONVERSION = YES;
				CLANG_WARN_OBJC_ROOT_CLASS = YES_ERROR;
				CLANG_WARN_UNREACHABLE_CODE = YES;
				CLANG_WARN__DUPLICATE_METHOD_MATCH = YES;
				"CODE_SIGN_IDENTITY[sdk=iphoneos*]" = "iPhone Developer";
				COPY_PHASE_STRIP = NO;
				DEBUG_INFORMATION_FORMAT = "dwarf-with-dsym";
				ENABLE_NS_ASSERTIONS = NO;
				ENABLE_STRICT_OBJC_MSGSEND = YES;
				GCC_C_LANGUAGE_STANDARD = gnu99;
				GCC_NO_COMMON_BLOCKS = YES;
				GCC_WARN_64_TO_32_BIT_CONVERSION = YES;
				GCC_WARN_ABOUT_RETURN_TYPE = YES_ERROR;
				GCC_WARN_UNDECLARED_SELECTOR = YES;
				GCC_WARN_UNINITIALIZED_AUTOS = YES_AGGRESSIVE;
				GCC_WARN_UNUSED_FUNCTION = YES;
				GCC_WARN_UNUSED_VARIABLE = YES;
				IPHONEOS_DEPLOYMENT_TARGET = 9.2;
				MTL_ENABLE_DEBUG_INFO = NO;
				SDKROOT = iphoneos;
				TARGETED_DEVICE_FAMILY = "1,2";
				VALIDATE_PRODUCT = YES;
			};
			name = Release;
		};
		39F2B9E51CA01F8200BE8A94 /* Debug */ = {
			isa = XCBuildConfiguration;
			buildSettings = {
				ASSETCATALOG_COMPILER_APPICON_NAME = AppIcon;
				INFOPLIST_FILE = FizzBuzz/Info.plist;
				LD_RUNPATH_SEARCH_PATHS = "$(inherited) @executable_path/Frameworks";
				PRODUCT_BUNDLE_IDENTIFIER = Akhitech.FizzBuzz;
				PRODUCT_NAME = "$(TARGET_NAME)";
			};
			name = Debug;
		};
		39F2B9E61CA01F8200BE8A94 /* Release */ = {
			isa = XCBuildConfiguration;
			buildSettings = {
				ASSETCATALOG_COMPILER_APPICON_NAME = AppIcon;
				INFOPLIST_FILE = FizzBuzz/Info.plist;
				LD_RUNPATH_SEARCH_PATHS = "$(inherited) @executable_path/Frameworks";
				PRODUCT_BUNDLE_IDENTIFIER = Akhitech.FizzBuzz;
				PRODUCT_NAME = "$(TARGET_NAME)";
			};
			name = Release;
		};
		39F2B9E81CA01F8200BE8A94 /* Debug */ = {
			isa = XCBuildConfiguration;
			buildSettings = {
				BUNDLE_LOADER = "$(TEST_HOST)";
				INFOPLIST_FILE = FizzBuzzTests/Info.plist;
				LD_RUNPATH_SEARCH_PATHS = "$(inherited) @executable_path/Frameworks @loader_path/Frameworks";
				PRODUCT_BUNDLE_IDENTIFIER = Akhitech.FizzBuzzTests;
				PRODUCT_NAME = "$(TARGET_NAME)";
				TEST_HOST = "$(BUILT_PRODUCTS_DIR)/FizzBuzz.app/FizzBuzz";
			};
			name = Debug;
		};
		39F2B9E91CA01F8200BE8A94 /* Release */ = {
			isa = XCBuildConfiguration;
			buildSettings = {
				BUNDLE_LOADER = "$(TEST_HOST)";
				INFOPLIST_FILE = FizzBuzzTests/Info.plist;
				LD_RUNPATH_SEARCH_PATHS = "$(inherited) @executable_path/Frameworks @loader_path/Frameworks";
				PRODUCT_BUNDLE_IDENTIFIER = Akhitech.FizzBuzzTests;
				PRODUCT_NAME = "$(TARGET_NAME)";
				TEST_HOST = "$(BUILT_PRODUCTS_DIR)/FizzBuzz.app/FizzBuzz";
			};
			name = Release;
		};
		39F2B9EB1CA01F8200BE8A94 /* Debug */ = {
			isa = XCBuildConfiguration;
			buildSettings = {
				INFOPLIST_FILE = FizzBuzzUITests/Info.plist;
				LD_RUNPATH_SEARCH_PATHS = "$(inherited) @executable_path/Frameworks @loader_path/Frameworks";
				PRODUCT_BUNDLE_IDENTIFIER = Akhitech.FizzBuzzUITests;
				PRODUCT_NAME = "$(TARGET_NAME)";
				TEST_TARGET_NAME = FizzBuzz;
				USES_XCTRUNNER = YES;
			};
			name = Debug;
		};
		39F2B9EC1CA01F8200BE8A94 /* Release */ = {
			isa = XCBuildConfiguration;
			buildSettings = {
				INFOPLIST_FILE = FizzBuzzUITests/Info.plist;
				LD_RUNPATH_SEARCH_PATHS = "$(inherited) @executable_path/Frameworks @loader_path/Frameworks";
				PRODUCT_BUNDLE_IDENTIFIER = Akhitech.FizzBuzzUITests;
				PRODUCT_NAME = "$(TARGET_NAME)";
				TEST_TARGET_NAME = FizzBuzz;
				USES_XCTRUNNER = YES;
			};
			name = Release;
		};
/* End XCBuildConfiguration section */

/* Begin XCConfigurationList section */
		39F2B9B41CA01F8100BE8A94 /* Build configuration list for PBXProject "FizzBuzz" */ = {
			isa = XCConfigurationList;
			buildConfigurations = (
				39F2B9E21CA01F8200BE8A94 /* Debug */,
				39F2B9E31CA01F8200BE8A94 /* Release */,
			);
			defaultConfigurationIsVisible = 0;
			defaultConfigurationName = Release;
		};
		39F2B9E41CA01F8200BE8A94 /* Build configuration list for PBXNativeTarget "FizzBuzz" */ = {
			isa = XCConfigurationList;
			buildConfigurations = (
				39F2B9E51CA01F8200BE8A94 /* Debug */,
				39F2B9E61CA01F8200BE8A94 /* Release */,
			);
			defaultConfigurationIsVisible = 0;
		};
		39F2B9E71CA01F8200BE8A94 /* Build configuration list for PBXNativeTarget "FizzBuzzTests" */ = {
			isa = XCConfigurationList;
			buildConfigurations = (
				39F2B9E81CA01F8200BE8A94 /* Debug */,
				39F2B9E91CA01F8200BE8A94 /* Release */,
			);
			defaultConfigurationIsVisible = 0;
		};
		39F2B9EA1CA01F8200BE8A94 /* Build configuration list for PBXNativeTarget "FizzBuzzUITests" */ = {
			isa = XCConfigurationList;
			buildConfigurations = (
				39F2B9EB1CA01F8200BE8A94 /* Debug */,
				39F2B9EC1CA01F8200BE8A94 /* Release */,
			);
			defaultConfigurationIsVisible = 0;
		};
/* End XCConfigurationList section */

/* Begin XCVersionGroup section */
		39F2B9C31CA01F8100BE8A94 /* FizzBuzz.xcdatamodeld */ = {
			isa = XCVersionGroup;
			children = (
				39F2B9C41CA01F8100BE8A94 /* FizzBuzz.xcdatamodel */,
			);
			currentVersion = 39F2B9C41CA01F8100BE8A94 /* FizzBuzz.xcdatamodel */;
			path = FizzBuzz.xcdatamodeld;
			sourceTree = "<group>";
			versionGroupType = wrapper.xcdatamodel;
		};
/* End XCVersionGroup section */
	};
	rootObject = 39F2B9B11CA01F8100BE8A94 /* Project object */;
}
